
Microsoft Visual Studio Solution File, Format Version 12.00
# Visual Studio 15
VisualStudioVersion = 15.0.26730.15
MinimumVisualStudioVersion = 10.0.40219.1
Project("{2150E333-8FDC-42A3-9474-1A3956D46DE8}") = "Common", "Common", "{0777BF1C-B291-4FC6-B2B9-8D91D1956C3B}"
EndProject
Project("{FAE04EC0-301F-11D3-BF4B-00C04F79EFBC}") = "IranMarketer.Common", "..\Core\Common\Src\IranMarketer.Common.csproj", "{4ADF8319-95D5-4352-AC2A-AA2BF6FFA984}"
EndProject
Project("{2150E333-8FDC-42A3-9474-1A3956D46DE8}") = "Domain", "Domain", "{D25AA653-EB0E-44F1-AB0A-E3B883E399C6}"
EndProject
Project("{2150E333-8FDC-42A3-9474-1A3956D46DE8}") = "PartyManagement", "PartyManagement", "{E378493E-4F17-4FE5-9444-8B81F04F5B41}"
EndProject
Project("{FAE04EC0-301F-11D3-BF4B-00C04F79EFBC}") = "IranMarketer.Domain", "..\Core\Domain\Src\IranMarketer.Domain.csproj", "{CF384560-B8C1-48A1-B753-2F771B4613C0}"
EndProject
Project("{2150E333-8FDC-42A3-9474-1A3956D46DE8}") = "DllManagement", "DllManagement", "{A4350D01-40C6-4F47-8376-D5AB0AF41FF8}"
EndProject
Project("{FAE04EC0-301F-11D3-BF4B-00C04F79EFBC}") = "DllManagement", "..\Core\DllManagement\Src\DllManagement\DllManagement.csproj", "{64C746BE-4DCE-4E5A-8D62-54B91FD54A91}"
EndProject
Project("{2150E333-8FDC-42A3-9474-1A3956D46DE8}") = "UserManagement", "UserManagement", "{A8073624-03CF-4D9C-8F21-6FFE0B3D7EFE}"
EndProject
Project("{FAE04EC0-301F-11D3-BF4B-00C04F79EFBC}") = "IranMarketer.UserManagement", "..\Core\UserManagement\Src\IranMarketer.UserManagement\IranMarketer.UserManagement.csproj", "{A2584801-DED2-4375-BEA2-8F3C67CBFEC0}"
EndProject
Project("{FAE04EC0-301F-11D3-BF4B-00C04F79EFBC}") = "IranMarketer.PartyManagement.Interface", "..\Core\PartyManagement\Src\IranMarketer.PartyManagement.Interface\IranMarketer.PartyManagement.Interface.csproj", "{91BCEBF3-1A2F-42A7-9CF3-86E665271A51}"
EndProject
Project("{FAE04EC0-301F-11D3-BF4B-00C04F79EFBC}") = "IranMarketer.PartyManagement.Service", "..\Core\PartyManagement\Src\IranMarketer.PartyManagement.Service\IranMarketer.PartyManagement.Service.csproj", "{93B7572C-4BAF-4B66-A4C3-5840FAD5D990}"
EndProject
Project("{FAE04EC0-301F-11D3-BF4B-00C04F79EFBC}") = "IranMarketer.PartyManagement.Dao", "..\Core\PartyManagement\Src\IranMarketer.PartyManagement.Dao\IranMarketer.PartyManagement.Dao.csproj", "{0B49390D-4141-4DEC-B13C-D27AB91D203C}"
EndProject
Project("{2150E333-8FDC-42A3-9474-1A3956D46DE8}") = "SharedData", "SharedData", "{6DC53B15-D8A9-4512-9531-9CDBD994D0AA}"
EndProject
Project("{FAE04EC0-301F-11D3-BF4B-00C04F79EFBC}") = "IranMarketer.SharedData.Interface", "..\Core\SharedData\Src\IranMarketer.SharedData.Interface\IranMarketer.SharedData.Interface.csproj", "{3A5BC7CF-4CFF-4769-8D89-7BD3FF1FC3B8}"
EndProject
Project("{FAE04EC0-301F-11D3-BF4B-00C04F79EFBC}") = "IranMarketer.SharedData.Service", "..\Core\SharedData\Src\IranMarketerSharedData.Service\IranMarketer.SharedData.Service.csproj", "{C2CA3D45-884D-40D9-B204-1AD71E475D03}"
EndProject
Project("{FAE04EC0-301F-11D3-BF4B-00C04F79EFBC}") = "IranMarketer.SharedData.Dao", "..\Core\SharedData\Src\IranMarketer.SharedData.Dao\IranMarketer.SharedData.Dao.csproj", "{3A87FE31-A437-4C77-867A-A528E1489E70}"
EndProject
Global
	GlobalSection(SolutionConfigurationPlatforms) = preSolution
		Debug|Any CPU = Debug|Any CPU
		Release|Any CPU = Release|Any CPU
	EndGlobalSection
	GlobalSection(ProjectConfigurationPlatforms) = postSolution
		{4ADF8319-95D5-4352-AC2A-AA2BF6FFA984}.Debug|Any CPU.ActiveCfg = Debug|Any CPU
		{4ADF8319-95D5-4352-AC2A-AA2BF6FFA984}.Debug|Any CPU.Build.0 = Debug|Any CPU
		{4ADF8319-95D5-4352-AC2A-AA2BF6FFA984}.Release|Any CPU.ActiveCfg = Release|Any CPU
		{4ADF8319-95D5-4352-AC2A-AA2BF6FFA984}.Release|Any CPU.Build.0 = Release|Any CPU
		{CF384560-B8C1-48A1-B753-2F771B4613C0}.Debug|Any CPU.ActiveCfg = Debug|Any CPU
		{CF384560-B8C1-48A1-B753-2F771B4613C0}.Debug|Any CPU.Build.0 = Debug|Any CPU
		{CF384560-B8C1-48A1-B753-2F771B4613C0}.Release|Any CPU.ActiveCfg = Release|Any CPU
		{CF384560-B8C1-48A1-B753-2F771B4613C0}.Release|Any CPU.Build.0 = Release|Any CPU
		{64C746BE-4DCE-4E5A-8D62-54B91FD54A91}.Debug|Any CPU.ActiveCfg = Debug|Any CPU
		{64C746BE-4DCE-4E5A-8D62-54B91FD54A91}.Debug|Any CPU.Build.0 = Debug|Any CPU
		{64C746BE-4DCE-4E5A-8D62-54B91FD54A91}.Release|Any CPU.ActiveCfg = Release|Any CPU
		{64C746BE-4DCE-4E5A-8D62-54B91FD54A91}.Release|Any CPU.Build.0 = Release|Any CPU
		{A2584801-DED2-4375-BEA2-8F3C67CBFEC0}.Debug|Any CPU.ActiveCfg = Debug|Any CPU
		{A2584801-DED2-4375-BEA2-8F3C67CBFEC0}.Debug|Any CPU.Build.0 = Debug|Any CPU
		{A2584801-DED2-4375-BEA2-8F3C67CBFEC0}.Release|Any CPU.ActiveCfg = Release|Any CPU
		{A2584801-DED2-4375-BEA2-8F3C67CBFEC0}.Release|Any CPU.Build.0 = Release|Any CPU
		{91BCEBF3-1A2F-42A7-9CF3-86E665271A51}.Debug|Any CPU.ActiveCfg = Debug|Any CPU
		{91BCEBF3-1A2F-42A7-9CF3-86E665271A51}.Debug|Any CPU.Build.0 = Debug|Any CPU
		{91BCEBF3-1A2F-42A7-9CF3-86E665271A51}.Release|Any CPU.ActiveCfg = Release|Any CPU
		{91BCEBF3-1A2F-42A7-9CF3-86E665271A51}.Release|Any CPU.Build.0 = Release|Any CPU
		{93B7572C-4BAF-4B66-A4C3-5840FAD5D990}.Debug|Any CPU.ActiveCfg = Debug|Any CPU
		{93B7572C-4BAF-4B66-A4C3-5840FAD5D990}.Debug|Any CPU.Build.0 = Debug|Any CPU
		{93B7572C-4BAF-4B66-A4C3-5840FAD5D990}.Release|Any CPU.ActiveCfg = Release|Any CPU
		{93B7572C-4BAF-4B66-A4C3-5840FAD5D990}.Release|Any CPU.Build.0 = Release|Any CPU
		{0B49390D-4141-4DEC-B13C-D27AB91D203C}.Debug|Any CPU.ActiveCfg = Debug|Any CPU
		{0B49390D-4141-4DEC-B13C-D27AB91D203C}.Debug|Any CPU.Build.0 = Debug|Any CPU
		{0B49390D-4141-4DEC-B13C-D27AB91D203C}.Release|Any CPU.ActiveCfg = Release|Any CPU
		{0B49390D-4141-4DEC-B13C-D27AB91D203C}.Release|Any CPU.Build.0 = Release|Any CPU
		{3A5BC7CF-4CFF-4769-8D89-7BD3FF1FC3B8}.Debug|Any CPU.ActiveCfg = Debug|Any CPU
		{3A5BC7CF-4CFF-4769-8D89-7BD3FF1FC3B8}.Debug|Any CPU.Build.0 = Debug|Any CPU
		{3A5BC7CF-4CFF-4769-8D89-7BD3FF1FC3B8}.Release|Any CPU.ActiveCfg = Release|Any CPU
		{3A5BC7CF-4CFF-4769-8D89-7BD3FF1FC3B8}.Release|Any CPU.Build.0 = Release|Any CPU
		{C2CA3D45-884D-40D9-B204-1AD71E475D03}.Debug|Any CPU.ActiveCfg = Debug|Any CPU
		{C2CA3D45-884D-40D9-B204-1AD71E475D03}.Debug|Any CPU.Build.0 = Debug|Any CPU
		{C2CA3D45-884D-40D9-B204-1AD71E475D03}.Release|Any CPU.ActiveCfg = Release|Any CPU
		{C2CA3D45-884D-40D9-B204-1AD71E475D03}.Release|Any CPU.Build.0 = Release|Any CPU
		{3A87FE31-A437-4C77-867A-A528E1489E70}.Debug|Any CPU.ActiveCfg = Debug|Any CPU
		{3A87FE31-A437-4C77-867A-A528E1489E70}.Debug|Any CPU.Build.0 = Debug|Any CPU
		{3A87FE31-A437-4C77-867A-A528E1489E70}.Release|Any CPU.ActiveCfg = Release|Any CPU
		{3A87FE31-A437-4C77-867A-A528E1489E70}.Release|Any CPU.Build.0 = Release|Any CPU
	EndGlobalSection
	GlobalSection(SolutionProperties) = preSolution
		HideSolutionNode = FALSE
	EndGlobalSection
	GlobalSection(NestedProjects) = preSolution
		{4ADF8319-95D5-4352-AC2A-AA2BF6FFA984} = {0777BF1C-B291-4FC6-B2B9-8D91D1956C3B}
		{CF384560-B8C1-48A1-B753-2F771B4613C0} = {D25AA653-EB0E-44F1-AB0A-E3B883E399C6}
		{64C746BE-4DCE-4E5A-8D62-54B91FD54A91} = {A4350D01-40C6-4F47-8376-D5AB0AF41FF8}
		{A2584801-DED2-4375-BEA2-8F3C67CBFEC0} = {A8073624-03CF-4D9C-8F21-6FFE0B3D7EFE}
		{91BCEBF3-1A2F-42A7-9CF3-86E665271A51} = {E378493E-4F17-4FE5-9444-8B81F04F5B41}
		{93B7572C-4BAF-4B66-A4C3-5840FAD5D990} = {E378493E-4F17-4FE5-9444-8B81F04F5B41}
		{0B49390D-4141-4DEC-B13C-D27AB91D203C} = {E378493E-4F17-4FE5-9444-8B81F04F5B41}
		{3A5BC7CF-4CFF-4769-8D89-7BD3FF1FC3B8} = {6DC53B15-D8A9-4512-9531-9CDBD994D0AA}
		{C2CA3D45-884D-40D9-B204-1AD71E475D03} = {6DC53B15-D8A9-4512-9531-9CDBD994D0AA}
		{3A87FE31-A437-4C77-867A-A528E1489E70} = {6DC53B15-D8A9-4512-9531-9CDBD994D0AA}
	EndGlobalSection
	GlobalSection(ExtensibilityGlobals) = postSolution
		SolutionGuid = {72C6DFBE-2C28-4FF2-9F81-086306C8D923}
	EndGlobalSection
	GlobalSection(TeamFoundationVersionControl) = preSolution
		SccNumberOfProjects = 11
		SccEnterpriseProvider = {4CA58AB2-18FA-4F8D-95D4-32DDF27D184C}
		SccTeamFoundationServer = https://bargozideh.visualstudio.com/defaultcollection
		SccLocalPath0 = .
		SccProjectUniqueName1 = ..\\Core\\DllManagement\\Src\\DllManagement\\DllManagement.csproj
		SccProjectTopLevelParentUniqueName1 = IranMarketer.Core.sln
		SccProjectName1 = ../Core/DllManagement/Src/DllManagement
		SccLocalPath1 = ..\\Core\\DllManagement\\Src\\DllManagement
		SccProjectUniqueName2 = ..\\Core\\Common\\Src\\IranMarketer.Common.csproj
		SccProjectTopLevelParentUniqueName2 = IranMarketer.Core.sln
		SccProjectName2 = ../Core/Common/Src
		SccLocalPath2 = ..\\Core\\Common\\Src
		SccProjectUniqueName3 = ..\\Core\\Domain\\Src\\IranMarketer.Domain.csproj
		SccProjectTopLevelParentUniqueName3 = IranMarketer.Core.sln
		SccProjectName3 = ../Core/Domain/Src
		SccLocalPath3 = ..\\Core\\Domain\\Src
		SccProjectUniqueName4 = ..\\Core\\UserManagement\\Src\\IranMarketer.UserManagement\\IranMarketer.UserManagement.csproj
		SccProjectTopLevelParentUniqueName4 = IranMarketer.Core.sln
		SccProjectName4 = ../Core/UserManagement/Src/IranMarketer.UserManagement
		SccLocalPath4 = ..\\Core\\UserManagement\\Src\\IranMarketer.UserManagement
		SccProjectUniqueName5 = ..\\Core\\PartyManagement\\Src\\IranMarketer.PartyManagement.Interface\\IranMarketer.PartyManagement.Interface.csproj
		SccProjectTopLevelParentUniqueName5 = IranMarketer.Core.sln
		SccProjectName5 = ../Core/PartyManagement/Src/IranMarketer.PartyManagement.Interface
		SccLocalPath5 = ..\\Core\\PartyManagement\\Src\\IranMarketer.PartyManagement.Interface
		SccProjectUniqueName6 = ..\\Core\\PartyManagement\\Src\\IranMarketer.PartyManagement.Service\\IranMarketer.PartyManagement.Service.csproj
		SccProjectTopLevelParentUniqueName6 = IranMarketer.Core.sln
		SccProjectName6 = ../Core/PartyManagement/Src/IranMarketer.PartyManagement.Service
		SccLocalPath6 = ..\\Core\\PartyManagement\\Src\\IranMarketer.PartyManagement.Service
		SccProjectUniqueName7 = ..\\Core\\PartyManagement\\Src\\IranMarketer.PartyManagement.Dao\\IranMarketer.PartyManagement.Dao.csproj
		SccProjectTopLevelParentUniqueName7 = IranMarketer.Core.sln
		SccProjectName7 = ../Core/PartyManagement/Src/IranMarketer.PartyManagement.Dao
		SccLocalPath7 = ..\\Core\\PartyManagement\\Src\\IranMarketer.PartyManagement.Dao
		SccProjectUniqueName8 = ..\\Core\\SharedData\\Src\\IranMarketer.SharedData.Interface\\IranMarketer.SharedData.Interface.csproj
		SccProjectTopLevelParentUniqueName8 = IranMarketer.Core.sln
		SccProjectName8 = ../Core/SharedData/Src/IranMarketer.SharedData.Interface
		SccLocalPath8 = ..\\Core\\SharedData\\Src\\IranMarketer.SharedData.Interface
		SccProjectUniqueName9 = ..\\Core\\SharedData\\Src\\IranMarketerSharedData.Service\\IranMarketer.SharedData.Service.csproj
		SccProjectTopLevelParentUniqueName9 = IranMarketer.Core.sln
		SccProjectName9 = ../Core/SharedData/Src/IranMarketerSharedData.Service
		SccLocalPath9 = ..\\Core\\SharedData\\Src\\IranMarketerSharedData.Service
		SccProjectUniqueName10 = ..\\Core\\SharedData\\Src\\IranMarketer.SharedData.Dao\\IranMarketer.SharedData.Dao.csproj
		SccProjectTopLevelParentUniqueName10 = IranMarketer.Core.sln
		SccProjectName10 = ../Core/SharedData/Src/IranMarketer.SharedData.Dao
		SccLocalPath10 = ..\\Core\\SharedData\\Src\\IranMarketer.SharedData.Dao
	EndGlobalSection
EndGlobal
