
Microsoft Visual Studio Solution File, Format Version 12.00
# Visual Studio 15
VisualStudioVersion = 15.0.26228.4
MinimumVisualStudioVersion = 10.0.40219.1
Project("{2150E333-8FDC-42A3-9474-1A3956D46DE8}") = "NAV", "NAV", "{FCA8CDA3-CB00-4087-9BE6-4F5F5B43CDF3}"
EndProject
Project("{2150E333-8FDC-42A3-9474-1A3956D46DE8}") = "MarketData", "MarketData", "{B0F2F304-48B5-4553-BD2D-04178A570ACC}"
EndProject
Project("{2150E333-8FDC-42A3-9474-1A3956D46DE8}") = "DailyCalcualtion", "DailyCalcualtion", "{985DF731-5B2A-4EDB-8B82-7AFB4DF09FB2}"
EndProject
Project("{FAE04EC0-301F-11D3-BF4B-00C04F79EFBC}") = "Sahra.MutualFund.Agent.MarkertData.Component", "..\Agent\Src\Sahra.MutualFund.Agent.MarkertData.Component\Sahra.MutualFund.Agent.MarkertData.Component.csproj", "{DB29A7F6-6547-4431-AE2D-53923368123E}"
EndProject
Project("{FAE04EC0-301F-11D3-BF4B-00C04F79EFBC}") = "Sahra.MutualFund.Agent.DailyCalculation.Component", "..\Agent\Src\Sahra.MutualFund.Agent.DailyCalculation.Component\Sahra.MutualFund.Agent.DailyCalculation.Component.csproj", "{0D5A0362-9859-4CF3-B374-6FE6DA30B0A6}"
EndProject
Project("{FAE04EC0-301F-11D3-BF4B-00C04F79EFBC}") = "Sahra.MutualFund.Agent.DailyCalculation.Runner", "..\Agent\Src\Sahra.MutualFund.Agent.DailyCalculation.Runner\Sahra.MutualFund.Agent.DailyCalculation.Runner.csproj", "{4A18FED4-1B46-47D0-B48D-534685872512}"
EndProject
Project("{FAE04EC0-301F-11D3-BF4B-00C04F79EFBC}") = "Sahra.MutualFund.Agent.MarkertData.Runner", "..\Agent\Src\Sahra.MutualFund.Agent.MarkertData.Runner\Sahra.MutualFund.Agent.MarkertData.Runner.csproj", "{14EDEAC4-9D05-4A51-B598-D0279D4EFA5D}"
EndProject
Project("{2150E333-8FDC-42A3-9474-1A3956D46DE8}") = "Trade", "Trade", "{ED284878-43BB-4DB3-B371-D204EF6BB897}"
EndProject
Project("{FAE04EC0-301F-11D3-BF4B-00C04F79EFBC}") = "Sahra.MutualFund.Agent.NAV.Runner", "..\Agent\Src\Sahra.MutualFund.Agent.NAV.Runner\Sahra.MutualFund.Agent.NAV.Runner.csproj", "{9A752987-D17A-4FDC-BE62-EA0230A52FBC}"
EndProject
Project("{FAE04EC0-301F-11D3-BF4B-00C04F79EFBC}") = "Sahra.MutualFund.Agent.NAV.Component", "..\Agent\Src\Sahra.MutualFund.Agent.NAV.Component\Sahra.MutualFund.Agent.NAV.Component.csproj", "{7849EB63-4231-4881-A412-9618D2D5E4FC}"
EndProject
Project("{FAE04EC0-301F-11D3-BF4B-00C04F79EFBC}") = "Sahra.MutualFund.Agent.Trade.Component", "..\Agent\Src\Sahra.MutualFund.Agent.Trade.Component\Sahra.MutualFund.Agent.Trade.Component.csproj", "{8F0E29B4-C75C-4EFC-8CC7-2C4F4B15479B}"
EndProject
Project("{FAE04EC0-301F-11D3-BF4B-00C04F79EFBC}") = "Sahra.MutualFund.Agent.Trade.Runner", "..\Agent\Src\Sahra.MutualFund.Agent.Trade.Runner\Sahra.MutualFund.Agent.Trade.Runner.csproj", "{9A9F6E43-17D6-41BF-BFC1-76C72049DE9D}"
EndProject
Global
	GlobalSection(SolutionConfigurationPlatforms) = preSolution
		Debug|Any CPU = Debug|Any CPU
		Release|Any CPU = Release|Any CPU
	EndGlobalSection
	GlobalSection(ProjectConfigurationPlatforms) = postSolution
		{DB29A7F6-6547-4431-AE2D-53923368123E}.Debug|Any CPU.ActiveCfg = Debug|Any CPU
		{DB29A7F6-6547-4431-AE2D-53923368123E}.Debug|Any CPU.Build.0 = Debug|Any CPU
		{DB29A7F6-6547-4431-AE2D-53923368123E}.Release|Any CPU.ActiveCfg = Release|Any CPU
		{DB29A7F6-6547-4431-AE2D-53923368123E}.Release|Any CPU.Build.0 = Release|Any CPU
		{0D5A0362-9859-4CF3-B374-6FE6DA30B0A6}.Debug|Any CPU.ActiveCfg = Debug|Any CPU
		{0D5A0362-9859-4CF3-B374-6FE6DA30B0A6}.Debug|Any CPU.Build.0 = Debug|Any CPU
		{0D5A0362-9859-4CF3-B374-6FE6DA30B0A6}.Release|Any CPU.ActiveCfg = Release|Any CPU
		{0D5A0362-9859-4CF3-B374-6FE6DA30B0A6}.Release|Any CPU.Build.0 = Release|Any CPU
		{4A18FED4-1B46-47D0-B48D-534685872512}.Debug|Any CPU.ActiveCfg = Debug|Any CPU
		{4A18FED4-1B46-47D0-B48D-534685872512}.Debug|Any CPU.Build.0 = Debug|Any CPU
		{4A18FED4-1B46-47D0-B48D-534685872512}.Release|Any CPU.ActiveCfg = Release|Any CPU
		{4A18FED4-1B46-47D0-B48D-534685872512}.Release|Any CPU.Build.0 = Release|Any CPU
		{14EDEAC4-9D05-4A51-B598-D0279D4EFA5D}.Debug|Any CPU.ActiveCfg = Debug|Any CPU
		{14EDEAC4-9D05-4A51-B598-D0279D4EFA5D}.Debug|Any CPU.Build.0 = Debug|Any CPU
		{14EDEAC4-9D05-4A51-B598-D0279D4EFA5D}.Release|Any CPU.ActiveCfg = Release|Any CPU
		{14EDEAC4-9D05-4A51-B598-D0279D4EFA5D}.Release|Any CPU.Build.0 = Release|Any CPU
		{9A752987-D17A-4FDC-BE62-EA0230A52FBC}.Debug|Any CPU.ActiveCfg = Debug|Any CPU
		{9A752987-D17A-4FDC-BE62-EA0230A52FBC}.Debug|Any CPU.Build.0 = Debug|Any CPU
		{9A752987-D17A-4FDC-BE62-EA0230A52FBC}.Release|Any CPU.ActiveCfg = Release|Any CPU
		{9A752987-D17A-4FDC-BE62-EA0230A52FBC}.Release|Any CPU.Build.0 = Release|Any CPU
		{7849EB63-4231-4881-A412-9618D2D5E4FC}.Debug|Any CPU.ActiveCfg = Debug|Any CPU
		{7849EB63-4231-4881-A412-9618D2D5E4FC}.Debug|Any CPU.Build.0 = Debug|Any CPU
		{7849EB63-4231-4881-A412-9618D2D5E4FC}.Release|Any CPU.ActiveCfg = Release|Any CPU
		{7849EB63-4231-4881-A412-9618D2D5E4FC}.Release|Any CPU.Build.0 = Release|Any CPU
		{8F0E29B4-C75C-4EFC-8CC7-2C4F4B15479B}.Debug|Any CPU.ActiveCfg = Debug|Any CPU
		{8F0E29B4-C75C-4EFC-8CC7-2C4F4B15479B}.Debug|Any CPU.Build.0 = Debug|Any CPU
		{8F0E29B4-C75C-4EFC-8CC7-2C4F4B15479B}.Release|Any CPU.ActiveCfg = Release|Any CPU
		{8F0E29B4-C75C-4EFC-8CC7-2C4F4B15479B}.Release|Any CPU.Build.0 = Release|Any CPU
		{9A9F6E43-17D6-41BF-BFC1-76C72049DE9D}.Debug|Any CPU.ActiveCfg = Debug|Any CPU
		{9A9F6E43-17D6-41BF-BFC1-76C72049DE9D}.Debug|Any CPU.Build.0 = Debug|Any CPU
		{9A9F6E43-17D6-41BF-BFC1-76C72049DE9D}.Release|Any CPU.ActiveCfg = Release|Any CPU
		{9A9F6E43-17D6-41BF-BFC1-76C72049DE9D}.Release|Any CPU.Build.0 = Release|Any CPU
	EndGlobalSection
	GlobalSection(SolutionProperties) = preSolution
		HideSolutionNode = FALSE
	EndGlobalSection
	GlobalSection(NestedProjects) = preSolution
		{DB29A7F6-6547-4431-AE2D-53923368123E} = {B0F2F304-48B5-4553-BD2D-04178A570ACC}
		{0D5A0362-9859-4CF3-B374-6FE6DA30B0A6} = {985DF731-5B2A-4EDB-8B82-7AFB4DF09FB2}
		{4A18FED4-1B46-47D0-B48D-534685872512} = {985DF731-5B2A-4EDB-8B82-7AFB4DF09FB2}
		{14EDEAC4-9D05-4A51-B598-D0279D4EFA5D} = {B0F2F304-48B5-4553-BD2D-04178A570ACC}
		{9A752987-D17A-4FDC-BE62-EA0230A52FBC} = {FCA8CDA3-CB00-4087-9BE6-4F5F5B43CDF3}
		{7849EB63-4231-4881-A412-9618D2D5E4FC} = {FCA8CDA3-CB00-4087-9BE6-4F5F5B43CDF3}
		{8F0E29B4-C75C-4EFC-8CC7-2C4F4B15479B} = {ED284878-43BB-4DB3-B371-D204EF6BB897}
		{9A9F6E43-17D6-41BF-BFC1-76C72049DE9D} = {ED284878-43BB-4DB3-B371-D204EF6BB897}
	EndGlobalSection
	GlobalSection(TeamFoundationVersionControl) = preSolution
		SccNumberOfProjects = 9
		SccEnterpriseProvider = {4CA58AB2-18FA-4F8D-95D4-32DDF27D184C}
		SccTeamFoundationServer = http://172.16.17.31:8080/tfs/sahra.mutualfund
		SccLocalPath0 = .
		SccProjectUniqueName1 = ..\\Agent\\Src\\Sahra.MutualFund.Agent.MarkertData.Component\\Sahra.MutualFund.Agent.MarkertData.Component.csproj
		SccProjectTopLevelParentUniqueName1 = Sahra.MutualFund.Agent.sln
		SccProjectName1 = ../Agent/Src/Sahra.MutualFund.Agent.MarkertData.Component
		SccLocalPath1 = ..\\Agent\\Src\\Sahra.MutualFund.Agent.MarkertData.Component
		SccProjectUniqueName2 = ..\\Agent\\Src\\Sahra.MutualFund.Agent.DailyCalculation.Component\\Sahra.MutualFund.Agent.DailyCalculation.Component.csproj
		SccProjectTopLevelParentUniqueName2 = Sahra.MutualFund.Agent.sln
		SccProjectName2 = ../Agent/Src/Sahra.MutualFund.Agent.DailyCalculation.Component
		SccLocalPath2 = ..\\Agent\\Src\\Sahra.MutualFund.Agent.DailyCalculation.Component
		SccProjectUniqueName3 = ..\\Agent\\Src\\Sahra.MutualFund.Agent.DailyCalculation.Runner\\Sahra.MutualFund.Agent.DailyCalculation.Runner.csproj
		SccProjectTopLevelParentUniqueName3 = Sahra.MutualFund.Agent.sln
		SccProjectName3 = ../Agent/Src/Sahra.MutualFund.Agent.DailyCalculation.Runner
		SccLocalPath3 = ..\\Agent\\Src\\Sahra.MutualFund.Agent.DailyCalculation.Runner
		SccProjectUniqueName4 = ..\\Agent\\Src\\Sahra.MutualFund.Agent.MarkertData.Runner\\Sahra.MutualFund.Agent.MarkertData.Runner.csproj
		SccProjectTopLevelParentUniqueName4 = Sahra.MutualFund.Agent.sln
		SccProjectName4 = ../Agent/Src/Sahra.MutualFund.Agent.MarkertData.Runner
		SccLocalPath4 = ..\\Agent\\Src\\Sahra.MutualFund.Agent.MarkertData.Runner
		SccProjectUniqueName5 = ..\\Agent\\Src\\Sahra.MutualFund.Agent.NAV.Runner\\Sahra.MutualFund.Agent.NAV.Runner.csproj
		SccProjectTopLevelParentUniqueName5 = Sahra.MutualFund.Agent.sln
		SccProjectName5 = ../Agent/Src/Sahra.MutualFund.Agent.NAV.Runner
		SccLocalPath5 = ..\\Agent\\Src\\Sahra.MutualFund.Agent.NAV.Runner
		SccProjectUniqueName6 = ..\\Agent\\Src\\Sahra.MutualFund.Agent.NAV.Component\\Sahra.MutualFund.Agent.NAV.Component.csproj
		SccProjectTopLevelParentUniqueName6 = Sahra.MutualFund.Agent.sln
		SccProjectName6 = ../Agent/Src/Sahra.MutualFund.Agent.NAV.Component
		SccLocalPath6 = ..\\Agent\\Src\\Sahra.MutualFund.Agent.NAV.Component
		SccProjectUniqueName7 = ..\\Agent\\Src\\Sahra.MutualFund.Agent.Trade.Component\\Sahra.MutualFund.Agent.Trade.Component.csproj
		SccProjectTopLevelParentUniqueName7 = Sahra.MutualFund.Agent.sln
		SccProjectName7 = ../Agent/Src/Sahra.MutualFund.Agent.Trade.Component
		SccLocalPath7 = ..\\Agent\\Src\\Sahra.MutualFund.Agent.Trade.Component
		SccProjectUniqueName8 = ..\\Agent\\Src\\Sahra.MutualFund.Agent.Trade.Runner\\Sahra.MutualFund.Agent.Trade.Runner.csproj
		SccProjectTopLevelParentUniqueName8 = Sahra.MutualFund.Agent.sln
		SccProjectName8 = ../Agent/Src/Sahra.MutualFund.Agent.Trade.Runner
		SccLocalPath8 = ..\\Agent\\Src\\Sahra.MutualFund.Agent.Trade.Runner
	EndGlobalSection
EndGlobal
